
Microsoft Visual Studio Solution File, Format Version 12.00
# Visual Studio Version 17
VisualStudioVersion = 17.7.34003.232
MinimumVisualStudioVersion = 10.0.40219.1
Project("{FAE04EC0-301F-11D3-BF4B-00C04F79EFBC}") = "RabbitMQ.Publisher", "RabbitMQ.Publisher\RabbitMQ.Publisher.csproj", "{7BB4A3BE-8207-46BA-8467-3872C7594FF6}"
EndProject
Project("{FAE04EC0-301F-11D3-BF4B-00C04F79EFBC}") = "RabbitMQ.Subscriber", "RabbitMQ.Subscriber\RabbitMQ.Subscriber.csproj", "{FD5BFFCC-2858-489D-92EA-25ECD4C975EF}"
EndProject
Global
	GlobalSection(SolutionConfigurationPlatforms) = preSolution
		Debug|Any CPU = Debug|Any CPU
		Release|Any CPU = Release|Any CPU
	EndGlobalSection
	GlobalSection(ProjectConfigurationPlatforms) = postSolution
		{7BB4A3BE-8207-46BA-8467-3872C7594FF6}.Debug|Any CPU.ActiveCfg = Debug|Any CPU
		{7BB4A3BE-8207-46BA-8467-3872C7594FF6}.Debug|Any CPU.Build.0 = Debug|Any CPU
		{7BB4A3BE-8207-46BA-8467-3872C7594FF6}.Release|Any CPU.ActiveCfg = Release|Any CPU
		{7BB4A3BE-8207-46BA-8467-3872C7594FF6}.Release|Any CPU.Build.0 = Release|Any CPU
		{FD5BFFCC-2858-489D-92EA-25ECD4C975EF}.Debug|Any CPU.ActiveCfg = Debug|Any CPU
		{FD5BFFCC-2858-489D-92EA-25ECD4C975EF}.Debug|Any CPU.Build.0 = Debug|Any CPU
		{FD5BFFCC-2858-489D-92EA-25ECD4C975EF}.Release|Any CPU.ActiveCfg = Release|Any CPU
		{FD5BFFCC-2858-489D-92EA-25ECD4C975EF}.Release|Any CPU.Build.0 = Release|Any CPU
	EndGlobalSection
	GlobalSection(SolutionProperties) = preSolution
		HideSolutionNode = FALSE
	EndGlobalSection
	GlobalSection(ExtensibilityGlobals) = postSolution
		SolutionGuid = {6E0DE5BA-4A44-48B9-9208-80F2B3313B80}
	EndGlobalSection
EndGlobal
